
Microsoft Visual Studio Solution File, Format Version 12.00
Project("{FAE04EC0-301F-11D3-BF4B-00C04F79EFBC}") = "NHLFetcher2.0", "NHLFetcher2.0\NHLFetcher2.0.csproj", "{84015063-CEC1-4D0F-885C-26A5B0BA8763}"
EndProject
Global
	GlobalSection(SolutionConfigurationPlatforms) = preSolution
		Debug|Any CPU = Debug|Any CPU
		Release|Any CPU = Release|Any CPU
	EndGlobalSection
	GlobalSection(ProjectConfigurationPlatforms) = postSolution
		{84015063-CEC1-4D0F-885C-26A5B0BA8763}.Debug|Any CPU.ActiveCfg = Debug|Any CPU
		{84015063-CEC1-4D0F-885C-26A5B0BA8763}.Debug|Any CPU.Build.0 = Debug|Any CPU
		{84015063-CEC1-4D0F-885C-26A5B0BA8763}.Release|Any CPU.ActiveCfg = Release|Any CPU
		{84015063-CEC1-4D0F-885C-26A5B0BA8763}.Release|Any CPU.Build.0 = Release|Any CPU
	EndGlobalSection
EndGlobal
